// !$*UTF8*$!
{
	archiveVersion = 1;
	classes = {
	};
	objectVersion = 48;
	objects = {

/* Begin PBXBuildFile section */
		4441F14133C2A4DB3A5DA62D /* Pods_UI_TravelEasyTests.framework in Frameworks */ = {isa = PBXBuildFile; fileRef = DB1C29A1EFBF25CD72A2189A /* Pods_UI_TravelEasyTests.framework */; };
		4A5ADD4DAE4EC82184F00114 /* Pods_UI_TravelEasyUITests.framework in Frameworks */ = {isa = PBXBuildFile; fileRef = C09DA16295AE0C024249D57A /* Pods_UI_TravelEasyUITests.framework */; };
		6DBFC1F761450E74FBB2056F /* Pods_UI_TravelEasy.framework in Frameworks */ = {isa = PBXBuildFile; fileRef = 6C8C0D7564C2FBCF3A27F253 /* Pods_UI_TravelEasy.framework */; };
		C0C870E21FAC4FB700093D81 /* AppDelegate.swift in Sources */ = {isa = PBXBuildFile; fileRef = C0C870E11FAC4FB700093D81 /* AppDelegate.swift */; };
		C0C870E41FAC4FB700093D81 /* ViewController.swift in Sources */ = {isa = PBXBuildFile; fileRef = C0C870E31FAC4FB700093D81 /* ViewController.swift */; };
		C0C870E71FAC4FB700093D81 /* Main.storyboard in Resources */ = {isa = PBXBuildFile; fileRef = C0C870E51FAC4FB700093D81 /* Main.storyboard */; };
		C0C870E91FAC4FB700093D81 /* Assets.xcassets in Resources */ = {isa = PBXBuildFile; fileRef = C0C870E81FAC4FB700093D81 /* Assets.xcassets */; };
		C0C870EC1FAC4FB700093D81 /* LaunchScreen.storyboard in Resources */ = {isa = PBXBuildFile; fileRef = C0C870EA1FAC4FB700093D81 /* LaunchScreen.storyboard */; };
		C0C870F71FAC4FB700093D81 /* UI_TravelEasyTests.swift in Sources */ = {isa = PBXBuildFile; fileRef = C0C870F61FAC4FB700093D81 /* UI_TravelEasyTests.swift */; };
		C0C871021FAC4FB700093D81 /* UI_TravelEasyUITests.swift in Sources */ = {isa = PBXBuildFile; fileRef = C0C871011FAC4FB700093D81 /* UI_TravelEasyUITests.swift */; };
		C0C871111FAC508500093D81 /* TEPlacesViewController.swift in Sources */ = {isa = PBXBuildFile; fileRef = C0C871101FAC508500093D81 /* TEPlacesViewController.swift */; };
		C0C871131FAC50B600093D81 /* TEScrollTabBar.swift in Sources */ = {isa = PBXBuildFile; fileRef = C0C871121FAC50B600093D81 /* TEScrollTabBar.swift */; };
/* End PBXBuildFile section */

/* Begin PBXContainerItemProxy section */
		C0C870F31FAC4FB700093D81 /* PBXContainerItemProxy */ = {
			isa = PBXContainerItemProxy;
			containerPortal = C0C870D61FAC4FB700093D81 /* Project object */;
			proxyType = 1;
			remoteGlobalIDString = C0C870DD1FAC4FB700093D81;
			remoteInfo = "UI-TravelEasy";
		};
		C0C870FE1FAC4FB700093D81 /* PBXContainerItemProxy */ = {
			isa = PBXContainerItemProxy;
			containerPortal = C0C870D61FAC4FB700093D81 /* Project object */;
			proxyType = 1;
			remoteGlobalIDString = C0C870DD1FAC4FB700093D81;
			remoteInfo = "UI-TravelEasy";
		};
/* End PBXContainerItemProxy section */

/* Begin PBXFileReference section */
		24BA8E05CB503BA353AD8E95 /* Pods-UI-TravelEasyUITests.debug.xcconfig */ = {isa = PBXFileReference; includeInIndex = 1; lastKnownFileType = text.xcconfig; name = "Pods-UI-TravelEasyUITests.debug.xcconfig"; path = "Pods/Target Support Files/Pods-UI-TravelEasyUITests/Pods-UI-TravelEasyUITests.debug.xcconfig"; sourceTree = "<group>"; };
		37EABB86795F54397F884FFD /* Pods-UI-TravelEasyTests.debug.xcconfig */ = {isa = PBXFileReference; includeInIndex = 1; lastKnownFileType = text.xcconfig; name = "Pods-UI-TravelEasyTests.debug.xcconfig"; path = "Pods/Target Support Files/Pods-UI-TravelEasyTests/Pods-UI-TravelEasyTests.debug.xcconfig"; sourceTree = "<group>"; };
		431E353911AAEB6E79B9B454 /* Pods-UI-TravelEasy.debug.xcconfig */ = {isa = PBXFileReference; includeInIndex = 1; lastKnownFileType = text.xcconfig; name = "Pods-UI-TravelEasy.debug.xcconfig"; path = "Pods/Target Support Files/Pods-UI-TravelEasy/Pods-UI-TravelEasy.debug.xcconfig"; sourceTree = "<group>"; };
		4BBD00ADB02CBC65C900029D /* Pods-UI-TravelEasy.release.xcconfig */ = {isa = PBXFileReference; includeInIndex = 1; lastKnownFileType = text.xcconfig; name = "Pods-UI-TravelEasy.release.xcconfig"; path = "Pods/Target Support Files/Pods-UI-TravelEasy/Pods-UI-TravelEasy.release.xcconfig"; sourceTree = "<group>"; };
		6C8C0D7564C2FBCF3A27F253 /* Pods_UI_TravelEasy.framework */ = {isa = PBXFileReference; explicitFileType = wrapper.framework; includeInIndex = 0; path = Pods_UI_TravelEasy.framework; sourceTree = BUILT_PRODUCTS_DIR; };
		8D13B810E99E5536E10D08DC /* Pods-UI-TravelEasyTests.release.xcconfig */ = {isa = PBXFileReference; includeInIndex = 1; lastKnownFileType = text.xcconfig; name = "Pods-UI-TravelEasyTests.release.xcconfig"; path = "Pods/Target Support Files/Pods-UI-TravelEasyTests/Pods-UI-TravelEasyTests.release.xcconfig"; sourceTree = "<group>"; };
		A942D70F700737D8723867E9 /* Pods-UI-TravelEasyUITests.release.xcconfig */ = {isa = PBXFileReference; includeInIndex = 1; lastKnownFileType = text.xcconfig; name = "Pods-UI-TravelEasyUITests.release.xcconfig"; path = "Pods/Target Support Files/Pods-UI-TravelEasyUITests/Pods-UI-TravelEasyUITests.release.xcconfig"; sourceTree = "<group>"; };
		C09DA16295AE0C024249D57A /* Pods_UI_TravelEasyUITests.framework */ = {isa = PBXFileReference; explicitFileType = wrapper.framework; includeInIndex = 0; path = Pods_UI_TravelEasyUITests.framework; sourceTree = BUILT_PRODUCTS_DIR; };
		C0C870DE1FAC4FB700093D81 /* UI-TravelEasy.app */ = {isa = PBXFileReference; explicitFileType = wrapper.application; includeInIndex = 0; path = "UI-TravelEasy.app"; sourceTree = BUILT_PRODUCTS_DIR; };
		C0C870E11FAC4FB700093D81 /* AppDelegate.swift */ = {isa = PBXFileReference; lastKnownFileType = sourcecode.swift; path = AppDelegate.swift; sourceTree = "<group>"; };
		C0C870E31FAC4FB700093D81 /* ViewController.swift */ = {isa = PBXFileReference; lastKnownFileType = sourcecode.swift; path = ViewController.swift; sourceTree = "<group>"; };
		C0C870E61FAC4FB700093D81 /* Base */ = {isa = PBXFileReference; lastKnownFileType = file.storyboard; name = Base; path = Base.lproj/Main.storyboard; sourceTree = "<group>"; };
		C0C870E81FAC4FB700093D81 /* Assets.xcassets */ = {isa = PBXFileReference; lastKnownFileType = folder.assetcatalog; path = Assets.xcassets; sourceTree = "<group>"; };
		C0C870EB1FAC4FB700093D81 /* Base */ = {isa = PBXFileReference; lastKnownFileType = file.storyboard; name = Base; path = Base.lproj/LaunchScreen.storyboard; sourceTree = "<group>"; };
		C0C870ED1FAC4FB700093D81 /* Info.plist */ = {isa = PBXFileReference; lastKnownFileType = text.plist.xml; path = Info.plist; sourceTree = "<group>"; };
		C0C870F21FAC4FB700093D81 /* UI-TravelEasyTests.xctest */ = {isa = PBXFileReference; explicitFileType = wrapper.cfbundle; includeInIndex = 0; path = "UI-TravelEasyTests.xctest"; sourceTree = BUILT_PRODUCTS_DIR; };
		C0C870F61FAC4FB700093D81 /* UI_TravelEasyTests.swift */ = {isa = PBXFileReference; lastKnownFileType = sourcecode.swift; path = UI_TravelEasyTests.swift; sourceTree = "<group>"; };
		C0C870F81FAC4FB700093D81 /* Info.plist */ = {isa = PBXFileReference; lastKnownFileType = text.plist.xml; path = Info.plist; sourceTree = "<group>"; };
		C0C870FD1FAC4FB700093D81 /* UI-TravelEasyUITests.xctest */ = {isa = PBXFileReference; explicitFileType = wrapper.cfbundle; includeInIndex = 0; path = "UI-TravelEasyUITests.xctest"; sourceTree = BUILT_PRODUCTS_DIR; };
		C0C871011FAC4FB700093D81 /* UI_TravelEasyUITests.swift */ = {isa = PBXFileReference; lastKnownFileType = sourcecode.swift; path = UI_TravelEasyUITests.swift; sourceTree = "<group>"; };
		C0C871031FAC4FB700093D81 /* Info.plist */ = {isa = PBXFileReference; lastKnownFileType = text.plist.xml; path = Info.plist; sourceTree = "<group>"; };
		C0C871101FAC508500093D81 /* TEPlacesViewController.swift */ = {isa = PBXFileReference; lastKnownFileType = sourcecode.swift; path = TEPlacesViewController.swift; sourceTree = "<group>"; };
		C0C871121FAC50B600093D81 /* TEScrollTabBar.swift */ = {isa = PBXFileReference; lastKnownFileType = sourcecode.swift; path = TEScrollTabBar.swift; sourceTree = "<group>"; };
		DB1C29A1EFBF25CD72A2189A /* Pods_UI_TravelEasyTests.framework */ = {isa = PBXFileReference; explicitFileType = wrapper.framework; includeInIndex = 0; path = Pods_UI_TravelEasyTests.framework; sourceTree = BUILT_PRODUCTS_DIR; };
/* End PBXFileReference section */

/* Begin PBXFrameworksBuildPhase section */
		C0C870DB1FAC4FB700093D81 /* Frameworks */ = {
			isa = PBXFrameworksBuildPhase;
			buildActionMask = 2147483647;
			files = (
				6DBFC1F761450E74FBB2056F /* Pods_UI_TravelEasy.framework in Frameworks */,
			);
			runOnlyForDeploymentPostprocessing = 0;
		};
		C0C870EF1FAC4FB700093D81 /* Frameworks */ = {
			isa = PBXFrameworksBuildPhase;
			buildActionMask = 2147483647;
			files = (
				4441F14133C2A4DB3A5DA62D /* Pods_UI_TravelEasyTests.framework in Frameworks */,
			);
			runOnlyForDeploymentPostprocessing = 0;
		};
		C0C870FA1FAC4FB700093D81 /* Frameworks */ = {
			isa = PBXFrameworksBuildPhase;
			buildActionMask = 2147483647;
			files = (
				4A5ADD4DAE4EC82184F00114 /* Pods_UI_TravelEasyUITests.framework in Frameworks */,
			);
			runOnlyForDeploymentPostprocessing = 0;
		};
/* End PBXFrameworksBuildPhase section */

/* Begin PBXGroup section */
		97F74609B3CD37402DD68FD0 /* Frameworks */ = {
			isa = PBXGroup;
			children = (
				6C8C0D7564C2FBCF3A27F253 /* Pods_UI_TravelEasy.framework */,
				DB1C29A1EFBF25CD72A2189A /* Pods_UI_TravelEasyTests.framework */,
				C09DA16295AE0C024249D57A /* Pods_UI_TravelEasyUITests.framework */,
			);
			name = Frameworks;
			sourceTree = "<group>";
		};
		C0C870D51FAC4FB700093D81 = {
			isa = PBXGroup;
			children = (
				C0C870E01FAC4FB700093D81 /* UI-TravelEasy */,
				C0C870F51FAC4FB700093D81 /* UI-TravelEasyTests */,
				C0C871001FAC4FB700093D81 /* UI-TravelEasyUITests */,
				C0C870DF1FAC4FB700093D81 /* Products */,
				CA0E2E8CF1F4C760F737C575 /* Pods */,
				97F74609B3CD37402DD68FD0 /* Frameworks */,
			);
			sourceTree = "<group>";
		};
		C0C870DF1FAC4FB700093D81 /* Products */ = {
			isa = PBXGroup;
			children = (
				C0C870DE1FAC4FB700093D81 /* UI-TravelEasy.app */,
				C0C870F21FAC4FB700093D81 /* UI-TravelEasyTests.xctest */,
				C0C870FD1FAC4FB700093D81 /* UI-TravelEasyUITests.xctest */,
			);
			name = Products;
			sourceTree = "<group>";
		};
		C0C870E01FAC4FB700093D81 /* UI-TravelEasy */ = {
			isa = PBXGroup;
			children = (
				C0C8710F1FAC505900093D81 /* Places */,
				C0C870E11FAC4FB700093D81 /* AppDelegate.swift */,
				C0C870E31FAC4FB700093D81 /* ViewController.swift */,
				C0C870E51FAC4FB700093D81 /* Main.storyboard */,
				C0C870E81FAC4FB700093D81 /* Assets.xcassets */,
				C0C870EA1FAC4FB700093D81 /* LaunchScreen.storyboard */,
				C0C870ED1FAC4FB700093D81 /* Info.plist */,
			);
			path = "UI-TravelEasy";
			sourceTree = "<group>";
		};
		C0C870F51FAC4FB700093D81 /* UI-TravelEasyTests */ = {
			isa = PBXGroup;
			children = (
				C0C870F61FAC4FB700093D81 /* UI_TravelEasyTests.swift */,
				C0C870F81FAC4FB700093D81 /* Info.plist */,
			);
			path = "UI-TravelEasyTests";
			sourceTree = "<group>";
		};
		C0C871001FAC4FB700093D81 /* UI-TravelEasyUITests */ = {
			isa = PBXGroup;
			children = (
				C0C871011FAC4FB700093D81 /* UI_TravelEasyUITests.swift */,
				C0C871031FAC4FB700093D81 /* Info.plist */,
			);
			path = "UI-TravelEasyUITests";
			sourceTree = "<group>";
		};
		C0C8710F1FAC505900093D81 /* Places */ = {
			isa = PBXGroup;
			children = (
				C0C871101FAC508500093D81 /* TEPlacesViewController.swift */,
				C0C871121FAC50B600093D81 /* TEScrollTabBar.swift */,
			);
			path = Places;
			sourceTree = "<group>";
		};
		CA0E2E8CF1F4C760F737C575 /* Pods */ = {
			isa = PBXGroup;
			children = (
				431E353911AAEB6E79B9B454 /* Pods-UI-TravelEasy.debug.xcconfig */,
				4BBD00ADB02CBC65C900029D /* Pods-UI-TravelEasy.release.xcconfig */,
				37EABB86795F54397F884FFD /* Pods-UI-TravelEasyTests.debug.xcconfig */,
				8D13B810E99E5536E10D08DC /* Pods-UI-TravelEasyTests.release.xcconfig */,
				24BA8E05CB503BA353AD8E95 /* Pods-UI-TravelEasyUITests.debug.xcconfig */,
				A942D70F700737D8723867E9 /* Pods-UI-TravelEasyUITests.release.xcconfig */,
			);
			name = Pods;
			sourceTree = "<group>";
		};
/* End PBXGroup section */

/* Begin PBXNativeTarget section */
		C0C870DD1FAC4FB700093D81 /* UI-TravelEasy */ = {
			isa = PBXNativeTarget;
			buildConfigurationList = C0C871061FAC4FB700093D81 /* Build configuration list for PBXNativeTarget "UI-TravelEasy" */;
			buildPhases = (
				4BEF573D70A8A61C4A015ACF /* [CP] Check Pods Manifest.lock */,
				C0C870DA1FAC4FB700093D81 /* Sources */,
				C0C870DB1FAC4FB700093D81 /* Frameworks */,
				C0C870DC1FAC4FB700093D81 /* Resources */,
				3F9C3AFC4041CDFC11A143A0 /* [CP] Embed Pods Frameworks */,
				F5D767D0F70226240EC0845E /* [CP] Copy Pods Resources */,
			);
			buildRules = (
			);
			dependencies = (
			);
			name = "UI-TravelEasy";
			productName = "UI-TravelEasy";
			productReference = C0C870DE1FAC4FB700093D81 /* UI-TravelEasy.app */;
			productType = "com.apple.product-type.application";
		};
		C0C870F11FAC4FB700093D81 /* UI-TravelEasyTests */ = {
			isa = PBXNativeTarget;
			buildConfigurationList = C0C871091FAC4FB700093D81 /* Build configuration list for PBXNativeTarget "UI-TravelEasyTests" */;
			buildPhases = (
				67A52776A211AE6C9B2D748A /* [CP] Check Pods Manifest.lock */,
				C0C870EE1FAC4FB700093D81 /* Sources */,
				C0C870EF1FAC4FB700093D81 /* Frameworks */,
				C0C870F01FAC4FB700093D81 /* Resources */,
				844E613A1B580901635B5202 /* [CP] Embed Pods Frameworks */,
				1333152AF74F69DDF369EF7A /* [CP] Copy Pods Resources */,
			);
			buildRules = (
			);
			dependencies = (
				C0C870F41FAC4FB700093D81 /* PBXTargetDependency */,
			);
			name = "UI-TravelEasyTests";
			productName = "UI-TravelEasyTests";
			productReference = C0C870F21FAC4FB700093D81 /* UI-TravelEasyTests.xctest */;
			productType = "com.apple.product-type.bundle.unit-test";
		};
		C0C870FC1FAC4FB700093D81 /* UI-TravelEasyUITests */ = {
			isa = PBXNativeTarget;
			buildConfigurationList = C0C8710C1FAC4FB700093D81 /* Build configuration list for PBXNativeTarget "UI-TravelEasyUITests" */;
			buildPhases = (
				44B811B0DA5DC7E15C274590 /* [CP] Check Pods Manifest.lock */,
				C0C870F91FAC4FB700093D81 /* Sources */,
				C0C870FA1FAC4FB700093D81 /* Frameworks */,
				C0C870FB1FAC4FB700093D81 /* Resources */,
				D56BD69E875507EC1F10D5AB /* [CP] Embed Pods Frameworks */,
				D7E311ECA5D1724A98D53803 /* [CP] Copy Pods Resources */,
			);
			buildRules = (
			);
			dependencies = (
				C0C870FF1FAC4FB700093D81 /* PBXTargetDependency */,
			);
			name = "UI-TravelEasyUITests";
			productName = "UI-TravelEasyUITests";
			productReference = C0C870FD1FAC4FB700093D81 /* UI-TravelEasyUITests.xctest */;
			productType = "com.apple.product-type.bundle.ui-testing";
		};
/* End PBXNativeTarget section */

/* Begin PBXProject section */
		C0C870D61FAC4FB700093D81 /* Project object */ = {
			isa = PBXProject;
			attributes = {
				LastSwiftUpdateCheck = 0910;
				LastUpgradeCheck = 0910;
				ORGANIZATIONNAME = shou;
				TargetAttributes = {
					C0C870DD1FAC4FB700093D81 = {
						CreatedOnToolsVersion = 9.1;
						ProvisioningStyle = Automatic;
					};
					C0C870F11FAC4FB700093D81 = {
						CreatedOnToolsVersion = 9.1;
						ProvisioningStyle = Automatic;
						TestTargetID = C0C870DD1FAC4FB700093D81;
					};
					C0C870FC1FAC4FB700093D81 = {
						CreatedOnToolsVersion = 9.1;
						ProvisioningStyle = Automatic;
						TestTargetID = C0C870DD1FAC4FB700093D81;
					};
				};
			};
			buildConfigurationList = C0C870D91FAC4FB700093D81 /* Build configuration list for PBXProject "UI-TravelEasy" */;
			compatibilityVersion = "Xcode 8.0";
			developmentRegion = en;
			hasScannedForEncodings = 0;
			knownRegions = (
				en,
				Base,
			);
			mainGroup = C0C870D51FAC4FB700093D81;
			productRefGroup = C0C870DF1FAC4FB700093D81 /* Products */;
			projectDirPath = "";
			projectRoot = "";
			targets = (
				C0C870DD1FAC4FB700093D81 /* UI-TravelEasy */,
				C0C870F11FAC4FB700093D81 /* UI-TravelEasyTests */,
				C0C870FC1FAC4FB700093D81 /* UI-TravelEasyUITests */,
			);
		};
/* End PBXProject section */

/* Begin PBXResourcesBuildPhase section */
		C0C870DC1FAC4FB700093D81 /* Resources */ = {
			isa = PBXResourcesBuildPhase;
			buildActionMask = 2147483647;
			files = (
				C0C870EC1FAC4FB700093D81 /* LaunchScreen.storyboard in Resources */,
				C0C870E91FAC4FB700093D81 /* Assets.xcassets in Resources */,
				C0C870E71FAC4FB700093D81 /* Main.storyboard in Resources */,
			);
			runOnlyForDeploymentPostprocessing = 0;
		};
		C0C870F01FAC4FB700093D81 /* Resources */ = {
			isa = PBXResourcesBuildPhase;
			buildActionMask = 2147483647;
			files = (
			);
			runOnlyForDeploymentPostprocessing = 0;
		};
		C0C870FB1FAC4FB700093D81 /* Resources */ = {
			isa = PBXResourcesBuildPhase;
			buildActionMask = 2147483647;
			files = (
			);
			runOnlyForDeploymentPostprocessing = 0;
		};
/* End PBXResourcesBuildPhase section */

/* Begin PBXShellScriptBuildPhase section */
		1333152AF74F69DDF369EF7A /* [CP] Copy Pods Resources */ = {
			isa = PBXShellScriptBuildPhase;
			buildActionMask = 2147483647;
			files = (
			);
			inputPaths = (
			);
			name = "[CP] Copy Pods Resources";
			outputPaths = (
			);
			runOnlyForDeploymentPostprocessing = 0;
			shellPath = /bin/sh;
			shellScript = "\"${SRCROOT}/Pods/Target Support Files/Pods-UI-TravelEasyTests/Pods-UI-TravelEasyTests-resources.sh\"\n";
			showEnvVarsInLog = 0;
		};
		3F9C3AFC4041CDFC11A143A0 /* [CP] Embed Pods Frameworks */ = {
			isa = PBXShellScriptBuildPhase;
			buildActionMask = 2147483647;
			files = (
			);
			inputPaths = (
			);
			name = "[CP] Embed Pods Frameworks";
			outputPaths = (
			);
			runOnlyForDeploymentPostprocessing = 0;
			shellPath = /bin/sh;
			shellScript = "\"${SRCROOT}/Pods/Target Support Files/Pods-UI-TravelEasy/Pods-UI-TravelEasy-frameworks.sh\"\n";
			showEnvVarsInLog = 0;
		};
		44B811B0DA5DC7E15C274590 /* [CP] Check Pods Manifest.lock */ = {
			isa = PBXShellScriptBuildPhase;
			buildActionMask = 2147483647;
			files = (
			);
			inputPaths = (
			);
			name = "[CP] Check Pods Manifest.lock";
			outputPaths = (
			);
			runOnlyForDeploymentPostprocessing = 0;
			shellPath = /bin/sh;
			shellScript = "diff \"${PODS_ROOT}/../Podfile.lock\" \"${PODS_ROOT}/Manifest.lock\" > /dev/null\nif [ $? != 0 ] ; then\n    # print error to STDERR\n    echo \"error: The sandbox is not in sync with the Podfile.lock. Run 'pod install' or update your CocoaPods installation.\" >&2\n    exit 1\nfi\n";
			showEnvVarsInLog = 0;
		};
		4BEF573D70A8A61C4A015ACF /* [CP] Check Pods Manifest.lock */ = {
			isa = PBXShellScriptBuildPhase;
			buildActionMask = 2147483647;
			files = (
			);
			inputPaths = (
			);
			name = "[CP] Check Pods Manifest.lock";
			outputPaths = (
			);
			runOnlyForDeploymentPostprocessing = 0;
			shellPath = /bin/sh;
			shellScript = "diff \"${PODS_ROOT}/../Podfile.lock\" \"${PODS_ROOT}/Manifest.lock\" > /dev/null\nif [ $? != 0 ] ; then\n    # print error to STDERR\n    echo \"error: The sandbox is not in sync with the Podfile.lock. Run 'pod install' or update your CocoaPods installation.\" >&2\n    exit 1\nfi\n";
			showEnvVarsInLog = 0;
		};
		67A52776A211AE6C9B2D748A /* [CP] Check Pods Manifest.lock */ = {
			isa = PBXShellScriptBuildPhase;
			buildActionMask = 2147483647;
			files = (
			);
			inputPaths = (
			);
			name = "[CP] Check Pods Manifest.lock";
			outputPaths = (
			);
			runOnlyForDeploymentPostprocessing = 0;
			shellPath = /bin/sh;
			shellScript = "diff \"${PODS_ROOT}/../Podfile.lock\" \"${PODS_ROOT}/Manifest.lock\" > /dev/null\nif [ $? != 0 ] ; then\n    # print error to STDERR\n    echo \"error: The sandbox is not in sync with the Podfile.lock. Run 'pod install' or update your CocoaPods installation.\" >&2\n    exit 1\nfi\n";
			showEnvVarsInLog = 0;
		};
		844E613A1B580901635B5202 /* [CP] Embed Pods Frameworks */ = {
			isa = PBXShellScriptBuildPhase;
			buildActionMask = 2147483647;
			files = (
			);
			inputPaths = (
			);
			name = "[CP] Embed Pods Frameworks";
			outputPaths = (
			);
			runOnlyForDeploymentPostprocessing = 0;
			shellPath = /bin/sh;
			shellScript = "\"${SRCROOT}/Pods/Target Support Files/Pods-UI-TravelEasyTests/Pods-UI-TravelEasyTests-frameworks.sh\"\n";
			showEnvVarsInLog = 0;
		};
		D56BD69E875507EC1F10D5AB /* [CP] Embed Pods Frameworks */ = {
			isa = PBXShellScriptBuildPhase;
			buildActionMask = 2147483647;
			files = (
			);
			inputPaths = (
			);
			name = "[CP] Embed Pods Frameworks";
			outputPaths = (
			);
			runOnlyForDeploymentPostprocessing = 0;
			shellPath = /bin/sh;
			shellScript = "\"${SRCROOT}/Pods/Target Support Files/Pods-UI-TravelEasyUITests/Pods-UI-TravelEasyUITests-frameworks.sh\"\n";
			showEnvVarsInLog = 0;
		};
		D7E311ECA5D1724A98D53803 /* [CP] Copy Pods Resources */ = {
			isa = PBXShellScriptBuildPhase;
			buildActionMask = 2147483647;
			files = (
			);
			inputPaths = (
			);
			name = "[CP] Copy Pods Resources";
			outputPaths = (
			);
			runOnlyForDeploymentPostprocessing = 0;
			shellPath = /bin/sh;
			shellScript = "\"${SRCROOT}/Pods/Target Support Files/Pods-UI-TravelEasyUITests/Pods-UI-TravelEasyUITests-resources.sh\"\n";
			showEnvVarsInLog = 0;
		};
		F5D767D0F70226240EC0845E /* [CP] Copy Pods Resources */ = {
			isa = PBXShellScriptBuildPhase;
			buildActionMask = 2147483647;
			files = (
			);
			inputPaths = (
			);
			name = "[CP] Copy Pods Resources";
			outputPaths = (
			);
			runOnlyForDeploymentPostprocessing = 0;
			shellPath = /bin/sh;
			shellScript = "\"${SRCROOT}/Pods/Target Support Files/Pods-UI-TravelEasy/Pods-UI-TravelEasy-resources.sh\"\n";
			showEnvVarsInLog = 0;
		};
/* End PBXShellScriptBuildPhase section */

/* Begin PBXSourcesBuildPhase section */
		C0C870DA1FAC4FB700093D81 /* Sources */ = {
			isa = PBXSourcesBuildPhase;
			buildActionMask = 2147483647;
			files = (
				C0C871111FAC508500093D81 /* TEPlacesViewController.swift in Sources */,
				C0C870E41FAC4FB700093D81 /* ViewController.swift in Sources */,
				C0C870E21FAC4FB700093D81 /* AppDelegate.swift in Sources */,
				C0C871131FAC50B600093D81 /* TEScrollTabBar.swift in Sources */,
			);
			runOnlyForDeploymentPostprocessing = 0;
		};
		C0C870EE1FAC4FB700093D81 /* Sources */ = {
			isa = PBXSourcesBuildPhase;
			buildActionMask = 2147483647;
			files = (
				C0C870F71FAC4FB700093D81 /* UI_TravelEasyTests.swift in Sources */,
			);
			runOnlyForDeploymentPostprocessing = 0;
		};
		C0C870F91FAC4FB700093D81 /* Sources */ = {
			isa = PBXSourcesBuildPhase;
			buildActionMask = 2147483647;
			files = (
				C0C871021FAC4FB700093D81 /* UI_TravelEasyUITests.swift in Sources */,
			);
			runOnlyForDeploymentPostprocessing = 0;
		};
/* End PBXSourcesBuildPhase section */

/* Begin PBXTargetDependency section */
		C0C870F41FAC4FB700093D81 /* PBXTargetDependency */ = {
			isa = PBXTargetDependency;
			target = C0C870DD1FAC4FB700093D81 /* UI-TravelEasy */;
			targetProxy = C0C870F31FAC4FB700093D81 /* PBXContainerItemProxy */;
		};
		C0C870FF1FAC4FB700093D81 /* PBXTargetDependency */ = {
			isa = PBXTargetDependency;
			target = C0C870DD1FAC4FB700093D81 /* UI-TravelEasy */;
			targetProxy = C0C870FE1FAC4FB700093D81 /* PBXContainerItemProxy */;
		};
/* End PBXTargetDependency section */

/* Begin PBXVariantGroup section */
		C0C870E51FAC4FB700093D81 /* Main.storyboard */ = {
			isa = PBXVariantGroup;
			children = (
				C0C870E61FAC4FB700093D81 /* Base */,
			);
			name = Main.storyboard;
			sourceTree = "<group>";
		};
		C0C870EA1FAC4FB700093D81 /* LaunchScreen.storyboard */ = {
			isa = PBXVariantGroup;
			children = (
				C0C870EB1FAC4FB700093D81 /* Base */,
			);
			name = LaunchScreen.storyboard;
			sourceTree = "<group>";
		};
/* End PBXVariantGroup section */

/* Begin XCBuildConfiguration section */
		C0C871041FAC4FB700093D81 /* Debug */ = {
			isa = XCBuildConfiguration;
			buildSettings = {
				ALWAYS_SEARCH_USER_PATHS = NO;
				CLANG_ANALYZER_NONNULL = YES;
				CLANG_ANALYZER_NUMBER_OBJECT_CONVERSION = YES_AGGRESSIVE;
				CLANG_CXX_LANGUAGE_STANDARD = "gnu++14";
				CLANG_CXX_LIBRARY = "libc++";
				CLANG_ENABLE_MODULES = YES;
				CLANG_ENABLE_OBJC_ARC = YES;
				CLANG_WARN_BLOCK_CAPTURE_AUTORELEASING = YES;
				CLANG_WARN_BOOL_CONVERSION = YES;
				CLANG_WARN_COMMA = YES;
				CLANG_WARN_CONSTANT_CONVERSION = YES;
				CLANG_WARN_DIRECT_OBJC_ISA_USAGE = YES_ERROR;
				CLANG_WARN_DOCUMENTATION_COMMENTS = YES;
				CLANG_WARN_EMPTY_BODY = YES;
				CLANG_WARN_ENUM_CONVERSION = YES;
				CLANG_WARN_INFINITE_RECURSION = YES;
				CLANG_WARN_INT_CONVERSION = YES;
				CLANG_WARN_NON_LITERAL_NULL_CONVERSION = YES;
				CLANG_WARN_OBJC_LITERAL_CONVERSION = YES;
				CLANG_WARN_OBJC_ROOT_CLASS = YES_ERROR;
				CLANG_WARN_RANGE_LOOP_ANALYSIS = YES;
				CLANG_WARN_STRICT_PROTOTYPES = YES;
				CLANG_WARN_SUSPICIOUS_MOVE = YES;
				CLANG_WARN_UNGUARDED_AVAILABILITY = YES_AGGRESSIVE;
				CLANG_WARN_UNREACHABLE_CODE = YES;
				CLANG_WARN__DUPLICATE_METHOD_MATCH = YES;
				CODE_SIGN_IDENTITY = "iPhone Developer";
				COPY_PHASE_STRIP = NO;
				DEBUG_INFORMATION_FORMAT = dwarf;
				ENABLE_STRICT_OBJC_MSGSEND = YES;
				ENABLE_TESTABILITY = YES;
				GCC_C_LANGUAGE_STANDARD = gnu11;
				GCC_DYNAMIC_NO_PIC = NO;
				GCC_NO_COMMON_BLOCKS = YES;
				GCC_OPTIMIZATION_LEVEL = 0;
				GCC_PREPROCESSOR_DEFINITIONS = (
					"DEBUG=1",
					"$(inherited)",
				);
				GCC_WARN_64_TO_32_BIT_CONVERSION = YES;
				GCC_WARN_ABOUT_RETURN_TYPE = YES_ERROR;
				GCC_WARN_UNDECLARED_SELECTOR = YES;
				GCC_WARN_UNINITIALIZED_AUTOS = YES_AGGRESSIVE;
				GCC_WARN_UNUSED_FUNCTION = YES;
				GCC_WARN_UNUSED_VARIABLE = YES;
				IPHONEOS_DEPLOYMENT_TARGET = 11.1;
				MTL_ENABLE_DEBUG_INFO = YES;
				ONLY_ACTIVE_ARCH = YES;
				SDKROOT = iphoneos;
				SWIFT_ACTIVE_COMPILATION_CONDITIONS = DEBUG;
				SWIFT_OPTIMIZATION_LEVEL = "-Onone";
			};
			name = Debug;
		};
		C0C871051FAC4FB700093D81 /* Release */ = {
			isa = XCBuildConfiguration;
			buildSettings = {
				ALWAYS_SEARCH_USER_PATHS = NO;
				CLANG_ANALYZER_NONNULL = YES;
				CLANG_ANALYZER_NUMBER_OBJECT_CONVERSION = YES_AGGRESSIVE;
				CLANG_CXX_LANGUAGE_STANDARD = "gnu++14";
				CLANG_CXX_LIBRARY = "libc++";
				CLANG_ENABLE_MODULES = YES;
				CLANG_ENABLE_OBJC_ARC = YES;
				CLANG_WARN_BLOCK_CAPTURE_AUTORELEASING = YES;
				CLANG_WARN_BOOL_CONVERSION = YES;
				CLANG_WARN_COMMA = YES;
				CLANG_WARN_CONSTANT_CONVERSION = YES;
				CLANG_WARN_DIRECT_OBJC_ISA_USAGE = YES_ERROR;
				CLANG_WARN_DOCUMENTATION_COMMENTS = YES;
				CLANG_WARN_EMPTY_BODY = YES;
				CLANG_WARN_ENUM_CONVERSION = YES;
				CLANG_WARN_INFINITE_RECURSION = YES;
				CLANG_WARN_INT_CONVERSION = YES;
				CLANG_WARN_NON_LITERAL_NULL_CONVERSION = YES;
				CLANG_WARN_OBJC_LITERAL_CONVERSION = YES;
				CLANG_WARN_OBJC_ROOT_CLASS = YES_ERROR;
				CLANG_WARN_RANGE_LOOP_ANALYSIS = YES;
				CLANG_WARN_STRICT_PROTOTYPES = YES;
				CLANG_WARN_SUSPICIOUS_MOVE = YES;
				CLANG_WARN_UNGUARDED_AVAILABILITY = YES_AGGRESSIVE;
				CLANG_WARN_UNREACHABLE_CODE = YES;
				CLANG_WARN__DUPLICATE_METHOD_MATCH = YES;
				CODE_SIGN_IDENTITY = "iPhone Developer";
				COPY_PHASE_STRIP = NO;
				DEBUG_INFORMATION_FORMAT = "dwarf-with-dsym";
				ENABLE_NS_ASSERTIONS = NO;
				ENABLE_STRICT_OBJC_MSGSEND = YES;
				GCC_C_LANGUAGE_STANDARD = gnu11;
				GCC_NO_COMMON_BLOCKS = YES;
				GCC_WARN_64_TO_32_BIT_CONVERSION = YES;
				GCC_WARN_ABOUT_RETURN_TYPE = YES_ERROR;
				GCC_WARN_UNDECLARED_SELECTOR = YES;
				GCC_WARN_UNINITIALIZED_AUTOS = YES_AGGRESSIVE;
				GCC_WARN_UNUSED_FUNCTION = YES;
				GCC_WARN_UNUSED_VARIABLE = YES;
				IPHONEOS_DEPLOYMENT_TARGET = 11.1;
				MTL_ENABLE_DEBUG_INFO = NO;
				SDKROOT = iphoneos;
				SWIFT_OPTIMIZATION_LEVEL = "-Owholemodule";
				VALIDATE_PRODUCT = YES;
			};
			name = Release;
		};
		C0C871071FAC4FB700093D81 /* Debug */ = {
			isa = XCBuildConfiguration;
			baseConfigurationReference = 431E353911AAEB6E79B9B454 /* Pods-UI-TravelEasy.debug.xcconfig */;
			buildSettings = {
				ALWAYS_EMBED_SWIFT_STANDARD_LIBRARIES = "$(inherited)";
				ASSETCATALOG_COMPILER_APPICON_NAME = AppIcon;
				CODE_SIGN_STYLE = Automatic;
				DEVELOPMENT_TEAM = 4D7RCMZ7F7;
				INFOPLIST_FILE = "UI-TravelEasy/Info.plist";
				LD_RUNPATH_SEARCH_PATHS = "$(inherited) @executable_path/Frameworks";
				PRODUCT_BUNDLE_IDENTIFIER = "com.shou.traveleasy.UI-TravelEasy";
				PRODUCT_NAME = "$(TARGET_NAME)";
				SWIFT_VERSION = 4.0;
				TARGETED_DEVICE_FAMILY = "1,2";
			};
			name = Debug;
		};
		C0C871081FAC4FB700093D81 /* Release */ = {
			isa = XCBuildConfiguration;
			baseConfigurationReference = 4BBD00ADB02CBC65C900029D /* Pods-UI-TravelEasy.release.xcconfig */;
			buildSettings = {
				ALWAYS_EMBED_SWIFT_STANDARD_LIBRARIES = "$(inherited)";
				ASSETCATALOG_COMPILER_APPICON_NAME = AppIcon;
				CODE_SIGN_STYLE = Automatic;
				DEVELOPMENT_TEAM = 4D7RCMZ7F7;
				INFOPLIST_FILE = "UI-TravelEasy/Info.plist";
				LD_RUNPATH_SEARCH_PATHS = "$(inherited) @executable_path/Frameworks";
				PRODUCT_BUNDLE_IDENTIFIER = "com.shou.traveleasy.UI-TravelEasy";
				PRODUCT_NAME = "$(TARGET_NAME)";
				SWIFT_VERSION = 4.0;
				TARGETED_DEVICE_FAMILY = "1,2";
			};
			name = Release;
		};
		C0C8710A1FAC4FB700093D81 /* Debug */ = {
			isa = XCBuildConfiguration;
			baseConfigurationReference = 37EABB86795F54397F884FFD /* Pods-UI-TravelEasyTests.debug.xcconfig */;
			buildSettings = {
				ALWAYS_EMBED_SWIFT_STANDARD_LIBRARIES = "$(inherited)";
				BUNDLE_LOADER = "$(TEST_HOST)";
				CODE_SIGN_STYLE = Automatic;
				INFOPLIST_FILE = "UI-TravelEasyTests/Info.plist";
				LD_RUNPATH_SEARCH_PATHS = "$(inherited) @executable_path/Frameworks @loader_path/Frameworks";
				PRODUCT_BUNDLE_IDENTIFIER = "com.shou.traveleasy.UI-TravelEasyTests";
				PRODUCT_NAME = "$(TARGET_NAME)";
				SWIFT_VERSION = 4.0;
				TARGETED_DEVICE_FAMILY = "1,2";
				TEST_HOST = "$(BUILT_PRODUCTS_DIR)/UI-TravelEasy.app/UI-TravelEasy";
			};
			name = Debug;
		};
		C0C8710B1FAC4FB700093D81 /* Release */ = {
			isa = XCBuildConfiguration;
			baseConfigurationReference = 8D13B810E99E5536E10D08DC /* Pods-UI-TravelEasyTests.release.xcconfig */;
			buildSettings = {
				ALWAYS_EMBED_SWIFT_STANDARD_LIBRARIES = "$(inherited)";
				BUNDLE_LOADER = "$(TEST_HOST)";
				CODE_SIGN_STYLE = Automatic;
				INFOPLIST_FILE = "UI-TravelEasyTests/Info.plist";
				LD_RUNPATH_SEARCH_PATHS = "$(inherited) @executable_path/Frameworks @loader_path/Frameworks";
				PRODUCT_BUNDLE_IDENTIFIER = "com.shou.traveleasy.UI-TravelEasyTests";
				PRODUCT_NAME = "$(TARGET_NAME)";
				SWIFT_VERSION = 4.0;
				TARGETED_DEVICE_FAMILY = "1,2";
				TEST_HOST = "$(BUILT_PRODUCTS_DIR)/UI-TravelEasy.app/UI-TravelEasy";
			};
			name = Release;
		};
		C0C8710D1FAC4FB700093D81 /* Debug */ = {
			isa = XCBuildConfiguration;
			baseConfigurationReference = 24BA8E05CB503BA353AD8E95 /* Pods-UI-TravelEasyUITests.debug.xcconfig */;
			buildSettings = {
				ALWAYS_EMBED_SWIFT_STANDARD_LIBRARIES = "$(inherited)";
				CODE_SIGN_STYLE = Automatic;
				INFOPLIST_FILE = "UI-TravelEasyUITests/Info.plist";
				LD_RUNPATH_SEARCH_PATHS = "$(inherited) @executable_path/Frameworks @loader_path/Frameworks";
				PRODUCT_BUNDLE_IDENTIFIER = "com.shou.traveleasy.UI-TravelEasyUITests";
				PRODUCT_NAME = "$(TARGET_NAME)";
				SWIFT_VERSION = 4.0;
				TARGETED_DEVICE_FAMILY = "1,2";
				TEST_TARGET_NAME = "UI-TravelEasy";
			};
			name = Debug;
		};
		C0C8710E1FAC4FB700093D81 /* Release */ = {
			isa = XCBuildConfiguration;
			baseConfigurationReference = A942D70F700737D8723867E9 /* Pods-UI-TravelEasyUITests.release.xcconfig */;
			buildSettings = {
				ALWAYS_EMBED_SWIFT_STANDARD_LIBRARIES = "$(inherited)";
				CODE_SIGN_STYLE = Automatic;
				INFOPLIST_FILE = "UI-TravelEasyUITests/Info.plist";
				LD_RUNPATH_SEARCH_PATHS = "$(inherited) @executable_path/Frameworks @loader_path/Frameworks";
				PRODUCT_BUNDLE_IDENTIFIER = "com.shou.traveleasy.UI-TravelEasyUITests";
				PRODUCT_NAME = "$(TARGET_NAME)";
				SWIFT_VERSION = 4.0;
				TARGETED_DEVICE_FAMILY = "1,2";
				TEST_TARGET_NAME = "UI-TravelEasy";
			};
			name = Release;
		};
/* End XCBuildConfiguration section */

/* Begin XCConfigurationList section */
		C0C870D91FAC4FB700093D81 /* Build configuration list for PBXProject "UI-TravelEasy" */ = {
			isa = XCConfigurationList;
			buildConfigurations = (
				C0C871041FAC4FB700093D81 /* Debug */,
				C0C871051FAC4FB700093D81 /* Release */,
			);
			defaultConfigurationIsVisible = 0;
			defaultConfigurationName = Release;
		};
		C0C871061FAC4FB700093D81 /* Build configuration list for PBXNativeTarget "UI-TravelEasy" */ = {
			isa = XCConfigurationList;
			buildConfigurations = (
				C0C871071FAC4FB700093D81 /* Debug */,
				C0C871081FAC4FB700093D81 /* Release */,
			);
			defaultConfigurationIsVisible = 0;
			defaultConfigurationName = Release;
		};
		C0C871091FAC4FB700093D81 /* Build configuration list for PBXNativeTarget "UI-TravelEasyTests" */ = {
			isa = XCConfigurationList;
			buildConfigurations = (
				C0C8710A1FAC4FB700093D81 /* Debug */,
				C0C8710B1FAC4FB700093D81 /* Release */,
			);
			defaultConfigurationIsVisible = 0;
			defaultConfigurationName = Release;
		};
		C0C8710C1FAC4FB700093D81 /* Build configuration list for PBXNativeTarget "UI-TravelEasyUITests" */ = {
			isa = XCConfigurationList;
			buildConfigurations = (
				C0C8710D1FAC4FB700093D81 /* Debug */,
				C0C8710E1FAC4FB700093D81 /* Release */,
			);
			defaultConfigurationIsVisible = 0;
			defaultConfigurationName = Release;
		};
/* End XCConfigurationList section */
	};
	rootObject = C0C870D61FAC4FB700093D81 /* Project object */;
}
